
Microsoft Visual Studio Solution File, Format Version 12.00
# Visual Studio Express 2012 for Windows Desktop
Project("{FAE04EC0-301F-11D3-BF4B-00C04F79EFBC}") = "Assignment8-2", "Assignment8-2\Assignment8-2.csproj", "{020FBB56-0E77-4CD2-A752-4B7D8791265F}"
EndProject
Global
	GlobalSection(SolutionConfigurationPlatforms) = preSolution
		Debug|Any CPU = Debug|Any CPU
		Release|Any CPU = Release|Any CPU
	EndGlobalSection
	GlobalSection(ProjectConfigurationPlatforms) = postSolution
		{020FBB56-0E77-4CD2-A752-4B7D8791265F}.Debug|Any CPU.ActiveCfg = Debug|Any CPU
		{020FBB56-0E77-4CD2-A752-4B7D8791265F}.Debug|Any CPU.Build.0 = Debug|Any CPU
		{020FBB56-0E77-4CD2-A752-4B7D8791265F}.Release|Any CPU.ActiveCfg = Release|Any CPU
		{020FBB56-0E77-4CD2-A752-4B7D8791265F}.Release|Any CPU.Build.0 = Release|Any CPU
	EndGlobalSection
	GlobalSection(SolutionProperties) = preSolution
		HideSolutionNode = FALSE
	EndGlobalSection
EndGlobal
